
Microsoft Visual Studio Solution File, Format Version 12.00
# Visual Studio Version 17
VisualStudioVersion = 17.5.33502.453
MinimumVisualStudioVersion = 10.0.40219.1
Project("{FAE04EC0-301F-11D3-BF4B-00C04F79EFBC}") = "TicketSystem.MVC", "TicketSystem.MVC\TicketSystem.MVC.csproj", "{2D46743E-75F1-44B8-B449-BC0CCF68DDC5}"
EndProject
Project("{FAE04EC0-301F-11D3-BF4B-00C04F79EFBC}") = "TicketSystem.BL", "TicketSystem.BL\TicketSystem.BL.csproj", "{0B3FBC92-9A86-4B8A-A08E-6B9F78127D65}"
EndProject
Project("{FAE04EC0-301F-11D3-BF4B-00C04F79EFBC}") = "TicketSystem.DAL", "TicketSystem.DAL\TicketSystem.DAL.csproj", "{946F6461-8CA5-495A-94A1-1091B70B2206}"
EndProject
Global
	GlobalSection(SolutionConfigurationPlatforms) = preSolution
		Debug|Any CPU = Debug|Any CPU
		Release|Any CPU = Release|Any CPU
	EndGlobalSection
	GlobalSection(ProjectConfigurationPlatforms) = postSolution
		{2D46743E-75F1-44B8-B449-BC0CCF68DDC5}.Debug|Any CPU.ActiveCfg = Debug|Any CPU
		{2D46743E-75F1-44B8-B449-BC0CCF68DDC5}.Debug|Any CPU.Build.0 = Debug|Any CPU
		{2D46743E-75F1-44B8-B449-BC0CCF68DDC5}.Release|Any CPU.ActiveCfg = Release|Any CPU
		{2D46743E-75F1-44B8-B449-BC0CCF68DDC5}.Release|Any CPU.Build.0 = Release|Any CPU
		{0B3FBC92-9A86-4B8A-A08E-6B9F78127D65}.Debug|Any CPU.ActiveCfg = Debug|Any CPU
		{0B3FBC92-9A86-4B8A-A08E-6B9F78127D65}.Debug|Any CPU.Build.0 = Debug|Any CPU
		{0B3FBC92-9A86-4B8A-A08E-6B9F78127D65}.Release|Any CPU.ActiveCfg = Release|Any CPU
		{0B3FBC92-9A86-4B8A-A08E-6B9F78127D65}.Release|Any CPU.Build.0 = Release|Any CPU
		{946F6461-8CA5-495A-94A1-1091B70B2206}.Debug|Any CPU.ActiveCfg = Debug|Any CPU
		{946F6461-8CA5-495A-94A1-1091B70B2206}.Debug|Any CPU.Build.0 = Debug|Any CPU
		{946F6461-8CA5-495A-94A1-1091B70B2206}.Release|Any CPU.ActiveCfg = Release|Any CPU
		{946F6461-8CA5-495A-94A1-1091B70B2206}.Release|Any CPU.Build.0 = Release|Any CPU
	EndGlobalSection
	GlobalSection(SolutionProperties) = preSolution
		HideSolutionNode = FALSE
	EndGlobalSection
	GlobalSection(ExtensibilityGlobals) = postSolution
		SolutionGuid = {DF14E683-EB20-4553-B18F-64D70C156587}
	EndGlobalSection
EndGlobal
